version = 1
revision = 3
requires-python = ">=3.11"

[[package]]
name = "colorama"
version = "0.4.6"
source = { registry = "https://pypi.org/simple" }
sdist = { url = "https://files.pythonhosted.org/packages/d8/53/6f443c9a4a8358a93a6792e2acffb9d9d5cb0a5cfd8802644b7b1c9a02e4/colorama-0.4.6.tar.gz", hash = "sha256:08695f5cb7ed6e0531a20572697297273c47b8cae5a63ffc6d6ed5c201be6e44", size = 27697, upload-time = "2022-10-25T02:36:22.414Z" }
wheels = [
    { url = "https://files.pythonhosted.org/packages/d1/d6/3965ed04c63042e047cb6a3e6ed1a63a35087b6a609aa3a15ed8ac56c221/colorama-0.4.6-py2.py3-none-any.whl", hash = "sha256:4f1d9991f5acc0ca119f9d443620b77f9d6b33703e51011c16baf57afb285fc6", size = 25335, upload-time = "2022-10-25T02:36:20.889Z" },
]

[[package]]
name = "iniconfig"
version = "2.3.0"
source = { registry = "https://pypi.org/simple" }
sdist = { url = "https://files.pythonhosted.org/packages/72/34/14ca021ce8e5dfedc35312d08ba8bf51fdd999c576889fc2c24cb97f4f10/iniconfig-2.3.0.tar.gz", hash = "sha256:c76315c77db068650d49c5b56314774a7804df16fee4402c1f19d6d15d8c4730", size = 20503, upload-time = "2025-10-18T21:55:43.219Z" }
wheels = [
    { url = "https://files.pythonhosted.org/packages/cb/b1/3846dd7f199d53cb17f49cba7e651e9ce294d8497c8c150530ed11865bb8/iniconfig-2.3.0-py3-none-any.whl", hash = "sha256:f631c04d2c48c52b84d0d0549c99ff3859c98df65b3101406327ecc7d53fbf12", size = 7484, upload-time = "2025-10-18T21:55:41.639Z" },
]

[[package]]
name = "nl2time"
version = "0.1.1"
source = { editable = "." }
dependencies = [
    { name = "whenever" },
]

[package.optional-dependencies]
dev = [
    { name = "pytest" },
]

[package.metadata]
requires-dist = [
    { name = "pytest", marker = "extra == 'dev'", specifier = ">=8" },
    { name = "whenever", specifier = ">=0.8" },
]
provides-extras = ["dev"]

[[package]]
name = "packaging"
version = "26.2"
source = { registry = "https://pypi.org/simple" }
sdist = { url = "https://files.pythonhosted.org/packages/d7/f1/e7a6dd94a8d4a5626c03e4e99c87f241ba9e350cd9e6d75123f992427270/packaging-26.2.tar.gz", hash = "sha256:ff452ff5a3e828ce110190feff1178bb1f2ea2281fa2075aadb987c2fb221661", size = 228134, upload-time = "2026-04-24T20:15:23.917Z" }
wheels = [
    { url = "https://files.pythonhosted.org/packages/df/b2/87e62e8c3e2f4b32e5fe99e0b86d576da1312593b39f47d8ceef365e95ed/packaging-26.2-py3-none-any.whl", hash = "sha256:5fc45236b9446107ff2415ce77c807cee2862cb6fac22b8a73826d0693b0980e", size = 100195, upload-time = "2026-04-24T20:15:22.081Z" },
]

[[package]]
name = "pluggy"
version = "1.6.0"
source = { registry = "https://pypi.org/simple" }
sdist = { url = "https://files.pythonhosted.org/packages/f9/e2/3e91f31a7d2b083fe6ef3fa267035b518369d9511ffab804f839851d2779/pluggy-1.6.0.tar.gz", hash = "sha256:7dcc130b76258d33b90f61b658791dede3486c3e6bfb003ee5c9bfb396dd22f3", size = 69412, upload-time = "2025-05-15T12:30:07.975Z" }
wheels = [
    { url = "https://files.pythonhosted.org/packages/54/20/4d324d65cc6d9205fabedc306948156824eb9f0ee1633355a8f7ec5c66bf/pluggy-1.6.0-py3-none-any.whl", hash = "sha256:e920276dd6813095e9377c0bc5566d94c932c33b27a3e3945d8389c374dd4746", size = 20538, upload-time = "2025-05-15T12:30:06.134Z" },
]

[[package]]
name = "pygments"
version = "2.20.0"
source = { registry = "https://pypi.org/simple" }
sdist = { url = "https://files.pythonhosted.org/packages/c3/b2/bc9c9196916376152d655522fdcebac55e66de6603a76a02bca1b6414f6c/pygments-2.20.0.tar.gz", hash = "sha256:6757cd03768053ff99f3039c1a36d6c0aa0b263438fcab17520b30a303a82b5f", size = 4955991, upload-time = "2026-03-29T13:29:33.898Z" }
wheels = [
    { url = "https://files.pythonhosted.org/packages/f4/7e/a72dd26f3b0f4f2bf1dd8923c85f7ceb43172af56d63c7383eb62b332364/pygments-2.20.0-py3-none-any.whl", hash = "sha256:81a9e26dd42fd28a23a2d169d86d7ac03b46e2f8b59ed4698fb4785f946d0176", size = 1231151, upload-time = "2026-03-29T13:29:30.038Z" },
]

[[package]]
name = "pytest"
version = "9.1.1"
source = { registry = "https://pypi.org/simple" }
dependencies = [
    { name = "colorama", marker = "sys_platform == 'win32'" },
    { name = "iniconfig" },
    { name = "packaging" },
    { name = "pluggy" },
    { name = "pygments" },
]
sdist = { url = "https://files.pythonhosted.org/packages/e4/47/b9efed96c114afcfa3c9d3fe98a76a1d14c74a9e266d397cf6eb64be5e01/pytest-9.1.1.tar.gz", hash = "sha256:1088fbde8f2b49d95a549a195707afa7a76a3ce9bcadc26b6d71f0ffda5fe313", size = 1636369, upload-time = "2026-06-19T10:58:32.857Z" }
wheels = [
    { url = "https://files.pythonhosted.org/packages/24/25/1de2678b631f5a49215c6c96fff41ba892b0a34df68d6d80292b1b48aa7f/pytest-9.1.1-py3-none-any.whl", hash = "sha256:37a86b45efb9a47a61a36449063e8e18d0cab3161329fc099eb21783169c4f0c", size = 386536, upload-time = "2026-06-19T10:58:31.347Z" },
]

[[package]]
name = "tzdata"
version = "2026.3"
source = { registry = "https://pypi.org/simple" }
sdist = { url = "https://files.pythonhosted.org/packages/92/ff/5a28bdfd8c3ebec42564ac7d0e54ca3db65044a9314a97f9564fa7a1e926/tzdata-2026.3.tar.gz", hash = "sha256:4a1518b8993086a7982523e071643f3c0e5f213e75b21318e78bcabfff9d1415", size = 198674, upload-time = "2026-07-10T08:50:37.887Z" }
wheels = [
    { url = "https://files.pythonhosted.org/packages/e5/6d/b53b99a9f2766d095985947a5782f1702cabb129a34f7a802d7197af832f/tzdata-2026.3-py2.py3-none-any.whl", hash = "sha256:dc096730c87af6cab1b171c9d532be840741ff5d459015e7f6947bd7d7e54931", size = 348168, upload-time = "2026-07-10T08:50:36.46Z" },
]

[[package]]
name = "tzlocal"
version = "5.4.4"
source = { registry = "https://pypi.org/simple" }
dependencies = [
    { name = "tzdata", marker = "sys_platform == 'win32'" },
]
sdist = { url = "https://files.pythonhosted.org/packages/81/5b/879b2f932adfa7a053c360d50bc896c977fa6426109185f7c12ebdd0cb9d/tzlocal-5.4.4.tar.gz", hash = "sha256:8dbb8660838688a7b6ba4fed31d18dedf842afb4d47ca050d6d891c2c15f3be4", size = 31170, upload-time = "2026-06-29T08:03:40.026Z" }
wheels = [
    { url = "https://files.pythonhosted.org/packages/9e/a4/017a7a6cbe387d961a688ec31364ae60a5c4e22c96ae9921b79a947c855d/tzlocal-5.4.4-py3-none-any.whl", hash = "sha256:aae09f0126a8a86fa736be266eb4a471380d26a0de3bc14844e7821fee3e2a15", size = 18115, upload-time = "2026-06-29T08:03:38.666Z" },
]

[[package]]
name = "whenever"
version = "0.10.3"
source = { registry = "https://pypi.org/simple" }
dependencies = [
    { name = "tzdata", marker = "sys_platform == 'win32'" },
    { name = "tzlocal", marker = "sys_platform != 'darwin' and sys_platform != 'linux'" },
]
sdist = { url = "https://files.pythonhosted.org/packages/6d/40/94856fe2439c4b8162d1a23b4cf3a48bb00bed0ed7b8d10add40988fa555/whenever-0.10.3.tar.gz", hash = "sha256:af8958c870bd178742f0089c3552d5702241cab1f4b6bdfd3b03111db4bc2150", size = 435946, upload-time = "2026-07-17T07:35:25.734Z" }
wheels = [
    { url = "https://files.pythonhosted.org/packages/d6/29/41eb6945633f7215b8c3d3081469d3365b6b9bb912c9e2c8568b1b15d08e/whenever-0.10.3-cp311-cp311-macosx_10_12_x86_64.whl", hash = "sha256:94303c122249ae40b70486fd99c384949f757898424613412c338ee794a56332", size = 602454, upload-time = "2026-07-17T07:33:28.602Z" },
    { url = "https://files.pythonhosted.org/packages/f8/95/a7cd3ae6596438f580cf8a1f196b8b8b44619265028a7b2e63712d4d5c8c/whenever-0.10.3-cp311-cp311-macosx_11_0_arm64.whl", hash = "sha256:b625440641c93c5574c06c720ce2d28cc20a6f07a5dfcf5cff4607ddd2c434a0", size = 585809, upload-time = "2026-07-17T07:33:30.446Z" },
    { url = "https://files.pythonhosted.org/packages/cc/f5/a47fba0dee3d9ec3127b35d3f27d0c07b407c64c359f22f826b43c020ad5/whenever-0.10.3-cp311-cp311-manylinux_2_17_aarch64.manylinux2014_aarch64.whl", hash = "sha256:ff5d6750307fded074c43b8a2ffab7edfe0a3137fd2a4e1b68888a02d38a0a75", size = 604431, upload-time = "2026-07-17T07:33:31.91Z" },
    { url = "https://files.pythonhosted.org/packages/1b/d6/f49e6ee57dc34ed6c624c4e582b924a3ec3e43fec094ed6d292560c8f667/whenever-0.10.3-cp311-cp311-manylinux_2_17_armv7l.manylinux2014_armv7l.whl", hash = "sha256:70e3a315c098038c6d38fc46a4b5b62a1773425b1f7fff72c9690b07fd336218", size = 719312, upload-time = "2026-07-17T07:33:33.534Z" },
    { url = "https://files.pythonhosted.org/packages/c7/52/aff3be0affa8982eac4afc66c227cacd036fe0fe262db8374ff389a9f460/whenever-0.10.3-cp311-cp311-manylinux_2_17_ppc64le.manylinux2014_ppc64le.whl", hash = "sha256:371e2e880efaa7dd8d4556467b67ac538d954782b7d2008dfd10609a706a184a", size = 640548, upload-time = "2026-07-17T07:33:34.954Z" },
    { url = "https://files.pythonhosted.org/packages/57/b9/11907246e776844d730fecd3ebc01ea0fb0824b1e715d910c1fbbbc69ea9/whenever-0.10.3-cp311-cp311-manylinux_2_17_s390x.manylinux2014_s390x.whl", hash = "sha256:00a9bde975466aef2369ee1b78c727bdbcfc5a60443264c6124d96f60f0e07b3", size = 659315, upload-time = "2026-07-17T07:33:36.343Z" },
    { url = "https://files.pythonhosted.org/packages/a3/13/e36a4a7cd421b0165cb7ca65aecccf16ad4a2c59fba22dc59cd3a5a627c0/whenever-0.10.3-cp311-cp311-manylinux_2_17_x86_64.manylinux2014_x86_64.whl", hash = "sha256:24e3b7e0ab8aebd678ac777bac386e7fb67bd9b81063f678f4bd84da51247ec4", size = 619258, upload-time = "2026-07-17T07:33:37.765Z" },
    { url = "https://files.pythonhosted.org/packages/75/e7/656d0ff73f48e259dac41a436ca99e8ce073a50fd1a42021892cec1984db/whenever-0.10.3-cp311-cp311-manylinux_2_5_i686.manylinux1_i686.whl", hash = "sha256:19f2f994cb8c55c0abb5e29ba0a4b6aeb3bdce205fef726a82fb7e8ffe98c030", size = 730399, upload-time = "2026-07-17T07:33:39.194Z" },
    { url = "https://files.pythonhosted.org/packages/7a/fe/207c6c60259d4b59b3a3ae66e25312067141cc920f6c48770c3ca2dac21b/whenever-0.10.3-cp311-cp311-musllinux_1_2_aarch64.whl", hash = "sha256:7074967c9453d33e2a7fdb303ad99073bc224cb9e97cfbb9d6939e612c7cf78f", size = 780956, upload-time = "2026-07-17T07:33:40.859Z" },
    { url = "https://files.pythonhosted.org/packages/9a/80/c72a8d4df606f20b94c612fc09f3bb4b40bef15f982fc5d761f3ad33ba5b/whenever-0.10.3-cp311-cp311-musllinux_1_2_armv7l.whl", hash = "sha256:95b93b83c2fc777c803724fb600032d14ca2cb1264c5eb9d8fd61fd935664282", size = 995674, upload-time = "2026-07-17T07:33:42.581Z" },
    { url = "https://files.pythonhosted.org/packages/76/ae/ef99628f657083c7df3a7aaae47eadf28d63140b16d1ab7ed28a7af12070/whenever-0.10.3-cp311-cp311-musllinux_1_2_i686.whl", hash = "sha256:bbf9a0c07b4d3c1b4f417d67932e8b82edd9f7ba4824581f90ecf15ef5a50558", size = 935419, upload-time = "2026-07-17T07:33:43.992Z" },
    { url = "https://files.pythonhosted.org/packages/56/c6/f2cbc40cf0a4eca202f7fcace67ccb226932b8ddb605300a54ff086e0fc8/whenever-0.10.3-cp311-cp311-musllinux_1_2_x86_64.whl", hash = "sha256:f15ceff2f39753d1a0d7d8e2695ae688fb171f0744d32a4ba05daef13e097686", size = 831909, upload-time = "2026-07-17T07:33:45.813Z" },
    { url = "https://files.pythonhosted.org/packages/4d/3a/bc0f5ae204494c47e46776e16f24592a6bbf700e98933b96967b228a46f7/whenever-0.10.3-cp311-cp311-win32.whl", hash = "sha256:f5e3e67ab029eb24c5b7eba668d900dbc48543abf9028b591a985bffdd907d8a", size = 614296, upload-time = "2026-07-17T07:33:47.242Z" },
    { url = "https://files.pythonhosted.org/packages/35/ca/40049f775b12906cd22912b92b66a374883e796c0ca653d0aa6b4f2b24b2/whenever-0.10.3-cp311-cp311-win_amd64.whl", hash = "sha256:b8add9d862fc190bd256804e23bfd4d5992064b4782950121fc0e6b54343ae04", size = 565310, upload-time = "2026-07-17T07:33:49.085Z" },
    { url = "https://files.pythonhosted.org/packages/e1/48/9e94222c81af15f7cd61efdb1675cb47f5270b9c1972a6082ea03df28d93/whenever-0.10.3-cp312-cp312-macosx_10_12_x86_64.whl", hash = "sha256:9503c112bc9eaa3a25b630576db983bca363ea410acbd84255a2872c27a56f2e", size = 610824, upload-time = "2026-07-17T07:33:50.698Z" },
    { url = "https://files.pythonhosted.org/packages/cd/bc/d70b0d975597e75c379fe836fd6fb72c59241885a2bbfc6b3bb30e5e7801/whenever-0.10.3-cp312-cp312-macosx_11_0_arm64.whl", hash = "sha256:8df732c98620feb2e547c8569176d20075191d12126bc3d623c427cc17969918", size = 593837, upload-time = "2026-07-17T07:33:52.412Z" },
    { url = "https://files.pythonhosted.org/packages/61/b5/df5898f3f790552271ba044bff58b741ffed8ff475eaf245c8ade7901ed4/whenever-0.10.3-cp312-cp312-manylinux_2_17_aarch64.manylinux2014_aarch64.whl", hash = "sha256:fd004e32913ea915193ab733481d20cd0fb837934de1a49948332b63345b4d64", size = 612472, upload-time = "2026-07-17T07:33:53.846Z" },
    { url = "https://files.pythonhosted.org/packages/3b/37/5e68ba7406217d5fb2d1fe2e118f3157525959de652da5b26a2889e97603/whenever-0.10.3-cp312-cp312-manylinux_2_17_armv7l.manylinux2014_armv7l.whl", hash = "sha256:8a2655f8debf3c96a7a2e2a687d2bd1175944aa4c6f596cb0fa5cad582f9865d", size = 728340, upload-time = "2026-07-17T07:33:55.602Z" },
    { url = "https://files.pythonhosted.org/packages/87/9b/c8f3e85dfd9d7d64a04e24657dfa231a48b9b44f37257573c0b24ceabf6f/whenever-0.10.3-cp312-cp312-manylinux_2_17_ppc64le.manylinux2014_ppc64le.whl", hash = "sha256:8e8a157afc07ffd3f26886e2e2ba068a3d7382f79617a450aaf71c0242e9e6b5", size = 651303, upload-time = "2026-07-17T07:33:57.052Z" },
    { url = "https://files.pythonhosted.org/packages/6a/d1/b4d8bf37bf8beb7b93f71c7dca9daa28c28f4c88069a00c8d47d9b4475f9/whenever-0.10.3-cp312-cp312-manylinux_2_17_s390x.manylinux2014_s390x.whl", hash = "sha256:2433707fe8638b9804dace2bac830f4a40f00d4157bdb7ee89aaa1ded8d308d9", size = 670566, upload-time = "2026-07-17T07:33:58.495Z" },
    { url = "https://files.pythonhosted.org/packages/bc/12/4cc8be0f2a7eed497853ad0f4510d4a4301b17ffb77807912fdbd746519a/whenever-0.10.3-cp312-cp312-manylinux_2_17_x86_64.manylinux2014_x86_64.whl", hash = "sha256:444129d7da3c7af6bf2b8204d57935243a11c721e811678352e6183b3475685d", size = 628295, upload-time = "2026-07-17T07:33:59.938Z" },
    { url = "https://files.pythonhosted.org/packages/da/25/4ef27dd88618c6a2fe6fb03f64534dcd3e6663531bae138d93d74b87896b/whenever-0.10.3-cp312-cp312-manylinux_2_5_i686.manylinux1_i686.whl", hash = "sha256:f97c8bd35feacc17c3cd9b0b46ed39308a6e1c319c3fe8bc621dc658dce6043f", size = 738220, upload-time = "2026-07-17T07:34:01.453Z" },
    { url = "https://files.pythonhosted.org/packages/9b/f0/e875dd1784f4a2e8abc80c88b93324a3ddcc05cb8c0e10a60547d0bd724f/whenever-0.10.3-cp312-cp312-musllinux_1_2_aarch64.whl", hash = "sha256:c872c444d50e4858fff004164c2b32ae760f30da577422d41146fd6e838aa6e8", size = 790022, upload-time = "2026-07-17T07:34:02.887Z" },
    { url = "https://files.pythonhosted.org/packages/86/c1/84fa4ce905fb9d3bc1508982bf605d6b820439dd49f2237b613696af8087/whenever-0.10.3-cp312-cp312-musllinux_1_2_armv7l.whl", hash = "sha256:a86a6f749dcb5e22c42456375d54eee36ac406b8bc97ab1e40dc7bb6aedb79d4", size = 1005579, upload-time = "2026-07-17T07:34:04.458Z" },
    { url = "https://files.pythonhosted.org/packages/c5/8c/63bcce272fa92802118134f523281bd4f139ac318a2df5c28796c6bbe343/whenever-0.10.3-cp312-cp312-musllinux_1_2_i686.whl", hash = "sha256:3504671935043750dd655716f5c8d2d3ec4e331a840c1d6f116bba73759b9e6a", size = 942597, upload-time = "2026-07-17T07:34:06.252Z" },
    { url = "https://files.pythonhosted.org/packages/d4/21/252b0800ee34fc3cd6d3e1429fa0d2e23f5c925e7df4517e59432a08d033/whenever-0.10.3-cp312-cp312-musllinux_1_2_x86_64.whl", hash = "sha256:8cd4985663cdcd1005700cfc8e1ab5ecd38ba6d43e9052784100e1311307cf2e", size = 841387, upload-time = "2026-07-17T07:34:08.057Z" },
    { url = "https://files.pythonhosted.org/packages/f6/6c/94de1fd66e2dec6c63be92d84aa03789df860ba7765bc0b0a8117981969f/whenever-0.10.3-cp312-cp312-win32.whl", hash = "sha256:a25e3245fb2aad53f52f9fdb81dbee7aabd86a496e3e0b45c69a80d22518524e", size = 617772, upload-time = "2026-07-17T07:34:09.736Z" },
    { url = "https://files.pythonhosted.org/packages/cd/b0/2fdc06490383f55e2627fec672256c4430f8a5a6c9cb37735f067258a8d1/whenever-0.10.3-cp312-cp312-win_amd64.whl", hash = "sha256:b61a35fd6bbd4f2bc16f831304194bab8891295b006abbfba859825b9cbaddb1", size = 573342, upload-time = "2026-07-17T07:34:11.193Z" },
    { url = "https://files.pythonhosted.org/packages/52/6c/035f5b2c14e4eb4d820fbfcd0f66c6612b4a9e763b32556d237fd747c579/whenever-0.10.3-cp313-cp313-macosx_10_12_x86_64.whl", hash = "sha256:63f5d6de4690c69929d9f11ae53aa6907fdbe8a390ee22f001576b268b22d5bb", size = 610763, upload-time = "2026-07-17T07:34:12.687Z" },
    { url = "https://files.pythonhosted.org/packages/54/e1/bd9a5e1ce72c0568ff3bfb662d32d41a6dbe2215a2c2a7fe2d4a0b8bf01f/whenever-0.10.3-cp313-cp313-macosx_11_0_arm64.whl", hash = "sha256:ffdca19003048aa5b93df35eda8fe7bf6c059b3788026b3276b09cb7a2838e6c", size = 593633, upload-time = "2026-07-17T07:34:14.16Z" },
    { url = "https://files.pythonhosted.org/packages/3c/61/3f8a500f3e74e7367f1205b32d21a7b7714d2d701ce755458fbbc835c4c5/whenever-0.10.3-cp313-cp313-manylinux_2_17_aarch64.manylinux2014_aarch64.whl", hash = "sha256:7eb90201b0a3681f38f58c82db12427476fcab85088a4292b119aab32fef5f6b", size = 612575, upload-time = "2026-07-17T07:34:15.577Z" },
    { url = "https://files.pythonhosted.org/packages/4d/66/b6e4ce1452dda7e860a523b2e046151625404c98157486362fe978ba0f90/whenever-0.10.3-cp313-cp313-manylinux_2_17_armv7l.manylinux2014_armv7l.whl", hash = "sha256:4aef14f67d4151272e9cc62700e1df0c8932da3ee74cbaf9a6d540d9796d4e3c", size = 727963, upload-time = "2026-07-17T07:34:16.995Z" },
    { url = "https://files.pythonhosted.org/packages/70/00/8394bcae1ba8c9912280c2bbee90179f76d623a7b1da4b679bcce49dcede/whenever-0.10.3-cp313-cp313-manylinux_2_17_ppc64le.manylinux2014_ppc64le.whl", hash = "sha256:e8a429e6431243d5317d7bb16f9a061d6e301efaf6498714180bde9a65c578ba", size = 651475, upload-time = "2026-07-17T07:34:18.671Z" },
    { url = "https://files.pythonhosted.org/packages/0b/b7/b17069141fd30e42fe32dacdd9a550fe1adda4f09410a9fcdde67c473643/whenever-0.10.3-cp313-cp313-manylinux_2_17_s390x.manylinux2014_s390x.whl", hash = "sha256:f6e4d7a2fc2b80c65eb0f0310669f5cf79c6d8f745cc2df4fa1fb3e8f534cd22", size = 670690, upload-time = "2026-07-17T07:34:20.167Z" },
    { url = "https://files.pythonhosted.org/packages/a8/6b/13206e5287130d69c5dc2bd1c377197f2755e65a44e76a467dc026750828/whenever-0.10.3-cp313-cp313-manylinux_2_17_x86_64.manylinux2014_x86_64.whl", hash = "sha256:c33c65dc5489ca2a61a33769cc58badd3cdaf0b497884d627e7fe020fbe3c96e", size = 628283, upload-time = "2026-07-17T07:34:21.745Z" },
    { url = "https://files.pythonhosted.org/packages/32/dd/30eeffe9091cfec929b286f220b27ddc779e11ff42411851c94d7f2c5fd9/whenever-0.10.3-cp313-cp313-manylinux_2_5_i686.manylinux1_i686.whl", hash = "sha256:c81c5507586dad7fb1370575d16d6b5e8e470f5f80a0fdbbe8d3ec2a6be67d7c", size = 737863, upload-time = "2026-07-17T07:34:23.506Z" },
    { url = "https://files.pythonhosted.org/packages/04/27/5f30db0f93aabb9681de979c988604f3754a159de25f3fa56459457501c1/whenever-0.10.3-cp313-cp313-musllinux_1_2_aarch64.whl", hash = "sha256:11a003b768374f5bd29a7a486c1bca68241175dd6ef74c9007873d2d90ccf6e7", size = 790171, upload-time = "2026-07-17T07:34:25.057Z" },
    { url = "https://files.pythonhosted.org/packages/2b/2c/37ed2019ddfb2ea9e0bc4875dc065dd6ed8f525fada317042d94458d644a/whenever-0.10.3-cp313-cp313-musllinux_1_2_armv7l.whl", hash = "sha256:6b2a7b60723ff9100731b4ed60ed14dbe8c0128a58028caeec21c78d5fae74ed", size = 1005321, upload-time = "2026-07-17T07:34:26.669Z" },
    { url = "https://files.pythonhosted.org/packages/c7/01/97a13f69cc31e8d3b5c011667b600d0d1d2eb44791632e6b5ec1ce70ed8a/whenever-0.10.3-cp313-cp313-musllinux_1_2_i686.whl", hash = "sha256:2d3bcc8f66e0292d2fc1b22024c4ec92f01835c2b5a75e15d2633c8d640bb7cf", size = 942925, upload-time = "2026-07-17T07:34:28.137Z" },
    { url = "https://files.pythonhosted.org/packages/5e/ab/aa97eef13dc1cc4ef80535b4d3c6bcfe35a31df676866183becdd84e0474/whenever-0.10.3-cp313-cp313-musllinux_1_2_x86_64.whl", hash = "sha256:214c6accd92a98de027c88c3246ab1a5398a8408ebea59c8299a3464080023e4", size = 841410, upload-time = "2026-07-17T07:34:29.726Z" },
    { url = "https://files.pythonhosted.org/packages/fe/ca/f69cb9b8ed0593e5c405d676496b7e01c665d7839aa2ce51fdb53cc3a542/whenever-0.10.3-cp313-cp313-win32.whl", hash = "sha256:8488045413cbf4983d4b3e2bf56e49c5ae74cec9143a25bec172bda1ef1c4291", size = 618339, upload-time = "2026-07-17T07:34:31.257Z" },
    { url = "https://files.pythonhosted.org/packages/be/b6/2ab0264d2e53888ad329337acffdd76da221ccbbbf4f391a2ff3591af950/whenever-0.10.3-cp313-cp313-win_amd64.whl", hash = "sha256:0f7078c6119d5df8c292829bf7a0ac51e52346c8988c8bb7b7e852980c491f5b", size = 573430, upload-time = "2026-07-17T07:34:32.704Z" },
    { url = "https://files.pythonhosted.org/packages/ac/bd/eeb2921a39872eaae016cf81fe046183df936d0528a34a155551e8355ef8/whenever-0.10.3-cp314-cp314-macosx_10_12_x86_64.whl", hash = "sha256:09fc2cfc7352bb0b6e13e390803a010084d38fa633438f596c6959ef82fb9453", size = 613069, upload-time = "2026-07-17T07:34:34.59Z" },
    { url = "https://files.pythonhosted.org/packages/04/34/f25c6ec3e96b6be8fd35b4a71ea93d64e91ed2e63498bdfd33a4ca5065bb/whenever-0.10.3-cp314-cp314-macosx_11_0_arm64.whl", hash = "sha256:f5a70afe144314e17e42344e1e6c57897d7df387469dca256d5cea5bd1d8d950", size = 596234, upload-time = "2026-07-17T07:34:36.127Z" },
    { url = "https://files.pythonhosted.org/packages/27/ef/feee6990d2ab70a442933c55392c1f6c4fcdaa9931f0ff431c6a57430dee/whenever-0.10.3-cp314-cp314-manylinux_2_17_aarch64.manylinux2014_aarch64.whl", hash = "sha256:27133d3197ec244730d6ea327f80e8f51bfa19e0c7d2f663f679ac03dd793283", size = 614173, upload-time = "2026-07-17T07:34:37.961Z" },
    { url = "https://files.pythonhosted.org/packages/53/3e/d91ecc0a2022043393cf14737cb0772aaf9e4b4601a13c9908ec32af907d/whenever-0.10.3-cp314-cp314-manylinux_2_17_armv7l.manylinux2014_armv7l.whl", hash = "sha256:d8fc72814ebb5458f66eb4cd60be1645d7922880f1af97301ea2695f1bec1bfe", size = 731043, upload-time = "2026-07-17T07:34:39.482Z" },
    { url = "https://files.pythonhosted.org/packages/35/17/84995804c4ae42ad7b284186de4111f7833cf8bf7b353d6c620d4cc290ca/whenever-0.10.3-cp314-cp314-manylinux_2_17_ppc64le.manylinux2014_ppc64le.whl", hash = "sha256:52ff7d3064cf4d918b9078cfdaf47d2c24e56f19179a57c42e42db8863930e14", size = 652259, upload-time = "2026-07-17T07:34:41.043Z" },
    { url = "https://files.pythonhosted.org/packages/cb/7b/ed3a993140043d0f4e539131dce7efc0377212b075375f56e2d222b6cb13/whenever-0.10.3-cp314-cp314-manylinux_2_17_s390x.manylinux2014_s390x.whl", hash = "sha256:bf576747d4ceca14edc20e125766f44498cdffbbe6d7870ce3b8cec1d8284d76", size = 671286, upload-time = "2026-07-17T07:34:42.7Z" },
    { url = "https://files.pythonhosted.org/packages/3d/36/5baa820486e9b671523105a45b71f466690f3f72450c805c66b17b4c265e/whenever-0.10.3-cp314-cp314-manylinux_2_17_x86_64.manylinux2014_x86_64.whl", hash = "sha256:0278c260bd125dd83c3605ce4aeaef6e84356b73bb18df409d60afdc9d923052", size = 631067, upload-time = "2026-07-17T07:34:44.237Z" },
    { url = "https://files.pythonhosted.org/packages/df/29/f714b73232177ef11c27a000a243d5a9e75ed2610d98da75f9e573bf0934/whenever-0.10.3-cp314-cp314-manylinux_2_5_i686.manylinux1_i686.whl", hash = "sha256:608ba733262f1bcef9cb5820acc5eb496048f3014e08ab0a6f84a0f9ec98d0a8", size = 739559, upload-time = "2026-07-17T07:34:45.977Z" },
    { url = "https://files.pythonhosted.org/packages/aa/aa/a17853efcfe1152b9327179d0beb8519d36a98c9405d99b3dbcedcc24d88/whenever-0.10.3-cp314-cp314-musllinux_1_2_aarch64.whl", hash = "sha256:66b7bbdf17fca6b60946e8bb3f4ce87e2b0821ad220d0ed2cf6c98b1ca50d0fa", size = 792359, upload-time = "2026-07-17T07:34:47.599Z" },
    { url = "https://files.pythonhosted.org/packages/d0/61/cb7281660253d2450ce9638885e1ced8d243501be022421fe7ce1ff5eca7/whenever-0.10.3-cp314-cp314-musllinux_1_2_armv7l.whl", hash = "sha256:4fd4fa5be94eae3bedb78677a8cc1ee2191a65c7895a03adf0e997c34ed22ae3", size = 1007547, upload-time = "2026-07-17T07:34:49.522Z" },
    { url = "https://files.pythonhosted.org/packages/ea/aa/f8ef6e423844bf0455ac078c2c3592edba4c40b1beac3c236f1197eeff16/whenever-0.10.3-cp314-cp314-musllinux_1_2_i686.whl", hash = "sha256:7b4c9a1f1d709745db0a90cee319a7fb4990b41bce036959caf38d9c289fe5ce", size = 946200, upload-time = "2026-07-17T07:34:51.389Z" },
    { url = "https://files.pythonhosted.org/packages/44/4f/9ee913152b5eaf6de437e500f7680649c8158541294a50b2fb45283970a6/whenever-0.10.3-cp314-cp314-musllinux_1_2_x86_64.whl", hash = "sha256:210b09d6beaf79e3dcb644bc4a656fcda4ce678aa97607db73a6a8e1fabe146e", size = 844114, upload-time = "2026-07-17T07:34:53.394Z" },
    { url = "https://files.pythonhosted.org/packages/b6/da/4d4bd34a7336a1d19b79da56d106ff402d41d0e0e43dea2ffb3a476d1b76/whenever-0.10.3-cp314-cp314-win32.whl", hash = "sha256:9d1cb33a3ecdd59365de36d316daf8a0369cf69ed79a28aefdb027fe7e886028", size = 620418, upload-time = "2026-07-17T07:34:55.299Z" },
    { url = "https://files.pythonhosted.org/packages/41/34/dc8cf6f3f6d02dcb71eba279f93ab1a68cb636699344a77ea65c98f4d03b/whenever-0.10.3-cp314-cp314-win_amd64.whl", hash = "sha256:8ebfac236f641b20363b86227c710a6d04e03a082b7438789874a2e96d54ee57", size = 575797, upload-time = "2026-07-17T07:34:56.932Z" },
    { url = "https://files.pythonhosted.org/packages/34/81/b7e02c68a51d5a629b47dbf082006c1651c79a85fb659dc4006891048f1a/whenever-0.10.3-cp314-cp314t-macosx_10_12_x86_64.whl", hash = "sha256:b27b8225b8a76b44c181d3af883387a079766d6c0e3ceddc54bfd0b53a20e7fd", size = 605161, upload-time = "2026-07-17T07:34:58.77Z" },
    { url = "https://files.pythonhosted.org/packages/cd/f6/ef6c57426c9578962ea05ba0efe667b21c4ac42b516a50b8b3026b4b35f5/whenever-0.10.3-cp314-cp314t-macosx_11_0_arm64.whl", hash = "sha256:45530d5229dc80820eea7ec520f2290a326b3af05dbfdc9c2fedf09aa7a6710d", size = 587812, upload-time = "2026-07-17T07:35:00.384Z" },
    { url = "https://files.pythonhosted.org/packages/ed/53/12e1d7410e12715f6523aaf9599ce7c62a739dbd39cdd6a89ffeaf4253e4/whenever-0.10.3-cp314-cp314t-manylinux_2_17_aarch64.manylinux2014_aarch64.whl", hash = "sha256:a86ac6faa2e29e76ce8c335b32b467d9617c0c99bb25e950e6a7f06dbaeea212", size = 604669, upload-time = "2026-07-17T07:35:02.021Z" },
    { url = "https://files.pythonhosted.org/packages/79/6c/b1995aecba751bd56017dea6f3104135e253679b6ba1fdd96474b6f5b498/whenever-0.10.3-cp314-cp314t-manylinux_2_17_armv7l.manylinux2014_armv7l.whl", hash = "sha256:e245a4bde91ced79a5f6f09a1ff4d2d5688f1f523cd81353d9a0a68d53e30385", size = 730777, upload-time = "2026-07-17T07:35:03.677Z" },
    { url = "https://files.pythonhosted.org/packages/24/c4/4c9549c2c79702e902611f5361b77cbb5b8c58ab10a040101f18a4049fe9/whenever-0.10.3-cp314-cp314t-manylinux_2_17_ppc64le.manylinux2014_ppc64le.whl", hash = "sha256:6978d74305e244a30eadab227624c439fdc242905e7069571477a2d5a052e4d6", size = 652316, upload-time = "2026-07-17T07:35:05.846Z" },
    { url = "https://files.pythonhosted.org/packages/10/55/213c39c7bd4a46b989a7548000543f090954753a13d5b084319eb3b94643/whenever-0.10.3-cp314-cp314t-manylinux_2_17_s390x.manylinux2014_s390x.whl", hash = "sha256:0cec3d19399b6986728c25a3465f6d176e8f93e6f2d7f53563eb605d8d01a82c", size = 670488, upload-time = "2026-07-17T07:35:07.683Z" },
    { url = "https://files.pythonhosted.org/packages/56/3e/e89cb3cb7d08a0344131a8179bf3474b8df944fe7bf443635574968385e9/whenever-0.10.3-cp314-cp314t-manylinux_2_17_x86_64.manylinux2014_x86_64.whl", hash = "sha256:27ba23ff052904a66d5a2ba8361e728385bc6e3a44d43298d26784068402094c", size = 620313, upload-time = "2026-07-17T07:35:09.594Z" },
    { url = "https://files.pythonhosted.org/packages/45/f9/8bedf9fdc4e214eed729e6bec2b2592883a061604b9568bbf537786f1e79/whenever-0.10.3-cp314-cp314t-manylinux_2_5_i686.manylinux1_i686.whl", hash = "sha256:35ce45c760a700f3e39979929bcc60a30704886147a9271d25936de9271c2d67", size = 730015, upload-time = "2026-07-17T07:35:11.72Z" },
    { url = "https://files.pythonhosted.org/packages/ce/ba/6f25da7fa960c4b193a862307451ce74ed1fadd127b2c58ecd8f26c86bf3/whenever-0.10.3-cp314-cp314t-musllinux_1_2_aarch64.whl", hash = "sha256:7679c441528bd38f7b8ff4542209b54c563d8fb748f2263aafe6dda39b13acc5", size = 781854, upload-time = "2026-07-17T07:35:13.435Z" },
    { url = "https://files.pythonhosted.org/packages/f8/72/800855df931f910c10303b510f3c47a5ffad51512a47a8505b703d1a60d1/whenever-0.10.3-cp314-cp314t-musllinux_1_2_armv7l.whl", hash = "sha256:12b53025d7c28b7ff7f0d0c1d9cbecdc46ef93a67eecb162914fc968a6b25ef4", size = 1006236, upload-time = "2026-07-17T07:35:15.269Z" },
    { url = "https://files.pythonhosted.org/packages/99/5d/f42f62f6713ad005d4e3f67f75278f9c59c4da8608442346542944e4b802/whenever-0.10.3-cp314-cp314t-musllinux_1_2_i686.whl", hash = "sha256:274b894be0cf4d3167d3d55ad5521ed35c79dd531b7bf08b4d6aa76f88c2bda0", size = 936347, upload-time = "2026-07-17T07:35:17.251Z" },
    { url = "https://files.pythonhosted.org/packages/39/39/400bd77ba48dbe35353bc7201e1fe6f9289117d702e0d9ca20d86f805c5d/whenever-0.10.3-cp314-cp314t-musllinux_1_2_x86_64.whl", hash = "sha256:64aac5a14d10cb02967b27775c8033a5bc8d70dbd613dbf8e5811417b5655aff", size = 833224, upload-time = "2026-07-17T07:35:19.054Z" },
    { url = "https://files.pythonhosted.org/packages/0f/84/4e2b32b3e5d20bc164da50d5b9d169f3d7b00d2bfd095ae01406623663d7/whenever-0.10.3-cp314-cp314t-win32.whl", hash = "sha256:b4589ce90fe5018c55b70460706119068d7a087bb860c6cbee2e9176578c829c", size = 613786, upload-time = "2026-07-17T07:35:20.689Z" },
    { url = "https://files.pythonhosted.org/packages/c1/21/d43cfdb655638f008e349a4ad62b5d45dde5322f45146262a0aba55ee130/whenever-0.10.3-cp314-cp314t-win_amd64.whl", hash = "sha256:2a761adc97ced36455c8b94d39cee43f45c009cd2870d246e518072fd3f2730b", size = 565695, upload-time = "2026-07-17T07:35:22.398Z" },
    { url = "https://files.pythonhosted.org/packages/18/00/50e9b44b080813feb958b31e9e370a430444e8676d451a35f28bc638074c/whenever-0.10.3-py3-none-any.whl", hash = "sha256:d35778c88db6d0229c436014a4704180520315a1d5ed3b71ee6ba120cbfb9b3e", size = 121694, upload-time = "2026-07-17T07:35:24.291Z" },
]
